
Microsoft Visual Studio Solution File, Format Version 12.00
# Visual Studio Version 17
VisualStudioVersion = 17.0.32014.148
MinimumVisualStudioVersion = 10.0.40219.1
Project("{9A19103F-16F7-4668-BE54-9A1E7A4F7556}") = "BLREdit", "BLREdit\BLREdit.csproj", "{217D8BBE-54ED-4E31-87CF-B7CB558B35E5}"
EndProject
Global
	GlobalSection(SolutionConfigurationPlatforms) = preSolution
		Debug|Any CPU = Debug|Any CPU
		Publish|Any CPU = Publish|Any CPU
		Release|Any CPU = Release|Any CPU
	EndGlobalSection
	GlobalSection(ProjectConfigurationPlatforms) = postSolution
		{217D8BBE-54ED-4E31-87CF-B7CB558B35E5}.Debug|Any CPU.ActiveCfg = Debug|Any CPU
		{217D8BBE-54ED-4E31-87CF-B7CB558B35E5}.Debug|Any CPU.Build.0 = Debug|Any CPU
		{217D8BBE-54ED-4E31-87CF-B7CB558B35E5}.Publish|Any CPU.ActiveCfg = Publish|Any CPU
		{217D8BBE-54ED-4E31-87CF-B7CB558B35E5}.Publish|Any CPU.Build.0 = Publish|Any CPU
		{217D8BBE-54ED-4E31-87CF-B7CB558B35E5}.Release|Any CPU.ActiveCfg = Release|Any CPU
		{217D8BBE-54ED-4E31-87CF-B7CB558B35E5}.Release|Any CPU.Build.0 = Release|Any CPU
	EndGlobalSection
	GlobalSection(SolutionProperties) = preSolution
		HideSolutionNode = FALSE
	EndGlobalSection
	GlobalSection(ExtensibilityGlobals) = postSolution
		SolutionGuid = {8F5AF728-688D-4FFC-AABA-27301C25C973}
	EndGlobalSection
EndGlobal
